[[package]]
name = "atomicwrites"
version = "1.4.0"
description = "Atomic file writes."
category = "dev"
optional = false
python-versions = ">=2.7, !=3.0.*, !=3.1.*, !=3.2.*, !=3.3.*"

[[package]]
name = "attrs"
version = "20.3.0"
description = "Classes Without Boilerplate"
category = "dev"
optional = false
python-versions = ">=2.7, !=3.0.*, !=3.1.*, !=3.2.*, !=3.3.*"

[package.extras]
dev = ["coverage[toml] (>=5.0.2)", "hypothesis", "pympler", "pytest (>=4.3.0)", "six", "zope.interface", "furo", "sphinx", "pre-commit"]
docs = ["furo", "sphinx", "zope.interface"]
tests = ["coverage[toml] (>=5.0.2)", "hypothesis", "pympler", "pytest (>=4.3.0)", "six", "zope.interface"]
tests_no_zope = ["coverage[toml] (>=5.0.2)", "hypothesis", "pympler", "pytest (>=4.3.0)", "six"]

[[package]]
name = "colorama"
version = "0.4.4"
description = "Cross-platform colored terminal text."
category = "dev"
optional = false
python-versions = ">=2.7, !=3.0.*, !=3.1.*, !=3.2.*, !=3.3.*, !=3.4.*"

[[package]]
name = "imagecodecs"
version = "2020.12.24"
description = "Image transformation, compression, and decompression codecs"
category = "main"
optional = false
python-versions = ">=3.7"

[package.dependencies]
numpy = ">=1.15.1"

[package.extras]
all = ["matplotlib (>=3.2)", "tifffile (>=2020.12.8)"]

[[package]]
name = "iniconfig"
version = "1.1.1"
description = "iniconfig: brain-dead simple config-ini parsing"
category = "dev"
optional = false
python-versions = "*"

[[package]]
name = "numcodecs"
version = "0.6.4"
description = "A Python package providing buffer compression and transformation codecs for use in data storage and communication applications."
category = "main"
optional = false
python-versions = "*"

[package.dependencies]
numpy = ">=1.7"

[package.extras]
msgpack = ["msgpack"]

[[package]]
name = "numpy"
version = "1.20.1"
description = "NumPy is the fundamental package for array computing with Python."
category = "main"
optional = false
python-versions = ">=3.7"

[[package]]
name = "packaging"
version = "20.9"
description = "Core utilities for Python packages"
category = "dev"
optional = false
python-versions = ">=2.7, !=3.0.*, !=3.1.*, !=3.2.*, !=3.3.*"

[package.dependencies]
pyparsing = ">=2.0.2"

[[package]]
name = "pluggy"
version = "0.13.1"
description = "plugin and hook calling mechanisms for python"
category = "dev"
optional = false
python-versions = ">=2.7, !=3.0.*, !=3.1.*, !=3.2.*, !=3.3.*"

[package.extras]
dev = ["pre-commit", "tox"]

[[package]]
name = "py"
version = "1.10.0"
description = "library with cross-python path, ini-parsing, io, code, log facilities"
category = "dev"
optional = false
python-versions = ">=2.7, !=3.0.*, !=3.1.*, !=3.2.*, !=3.3.*"

[[package]]
name = "pyparsing"
version = "2.4.7"
description = "Python parsing module"
category = "dev"
optional = false
python-versions = ">=2.6, !=3.0.*, !=3.1.*, !=3.2.*"

[[package]]
name = "pytest"
version = "6.2.2"
description = "pytest: simple powerful testing with Python"
category = "dev"
optional = false
python-versions = ">=3.6"

[package.dependencies]
atomicwrites = {version = ">=1.0", markers = "sys_platform == \"win32\""}
attrs = ">=19.2.0"
colorama = {version = "*", markers = "sys_platform == \"win32\""}
iniconfig = "*"
packaging = "*"
pluggy = ">=0.12,<1.0.0a1"
py = ">=1.8.2"
toml = "*"

[package.extras]
testing = ["argcomplete", "hypothesis (>=3.56)", "mock", "nose", "requests", "xmlschema"]

[[package]]
name = "toml"
version = "0.10.2"
description = "Python Library for Tom's Obvious, Minimal Language"
category = "dev"
optional = false
python-versions = ">=2.6, !=3.0.*, !=3.1.*, !=3.2.*"

[metadata]
lock-version = "1.1"
python-versions = "^3.8"
content-hash = "1314166e84f89d11d634983efb62d1ecd92c22393ab5634faeed71caac96cb35"

[metadata.files]
atomicwrites = [
    {file = "atomicwrites-1.4.0-py2.py3-none-any.whl", hash = "sha256:6d1784dea7c0c8d4a5172b6c620f40b6e4cbfdf96d783691f2e1302a7b88e197"},
    {file = "atomicwrites-1.4.0.tar.gz", hash = "sha256:ae70396ad1a434f9c7046fd2dd196fc04b12f9e91ffb859164193be8b6168a7a"},
]
attrs = [
    {file = "attrs-20.3.0-py2.py3-none-any.whl", hash = "sha256:31b2eced602aa8423c2aea9c76a724617ed67cf9513173fd3a4f03e3a929c7e6"},
    {file = "attrs-20.3.0.tar.gz", hash = "sha256:832aa3cde19744e49938b91fea06d69ecb9e649c93ba974535d08ad92164f700"},
]
colorama = [
    {file = "colorama-0.4.4-py2.py3-none-any.whl", hash = "sha256:9f47eda37229f68eee03b24b9748937c7dc3868f906e8ba69fbcbdd3bc5dc3e2"},
    {file = "colorama-0.4.4.tar.gz", hash = "sha256:5941b2b48a20143d2267e95b1c2a7603ce057ee39fd88e7329b0c292aa16869b"},
]
imagecodecs = [
    {file = "imagecodecs-2020.12.24-cp37-cp37m-macosx_10_14_x86_64.whl", hash = "sha256:cbab499b936fba7ea6785d5e29302f65f6e6775eb85ff3789d43a4f32e05ddef"},
    {file = "imagecodecs-2020.12.24-cp37-cp37m-macosx_10_9_x86_64.whl", hash = "sha256:fb66f56c4d806d60271dae38b65e640f81acae14c0bdc3394661f7df65655854"},
    {file = "imagecodecs-2020.12.24-cp37-cp37m-manylinux2010_i686.whl", hash = "sha256:947824b6e12e2305378394b370b99222f444f05d70d4764f13108c6e53c674dc"},
    {file = "imagecodecs-2020.12.24-cp37-cp37m-manylinux2010_x86_64.whl", hash = "sha256:40e94929fcb1d7e16484d508f67bb523e703fe25960decfe61d639de88971e19"},
    {file = "imagecodecs-2020.12.24-cp37-cp37m-manylinux2014_x86_64.whl", hash = "sha256:3f3b9332cda9b7e0e72b2b36ac1456b99541277c77cb041b7d7327712b5b67ba"},
    {file = "imagecodecs-2020.12.24-cp37-cp37m-win32.whl", hash = "sha256:145900dd5db4b13400d5742c1b63da2c6553edf42a0487d1c1d1e63702b5440a"},
    {file = "imagecodecs-2020.12.24-cp37-cp37m-win_amd64.whl", hash = "sha256:b2b90c00eaf81e7772e56c359c7eab4067ac3728d4b7d44953464df227a032c1"},
    {file = "imagecodecs-2020.12.24-cp38-cp38-macosx_10_14_x86_64.whl", hash = "sha256:955e0350d38d6f34260608b8cc95a6dcd954f7b1ac88332e1f61ec90444bbcc2"},
    {file = "imagecodecs-2020.12.24-cp38-cp38-macosx_10_9_x86_64.whl", hash = "sha256:5227e5fe30813099f8f87fe20efc065d08d6a073921566f8a5828e6475111aca"},
    {file = "imagecodecs-2020.12.24-cp38-cp38-manylinux2010_i686.whl", hash = "sha256:c233b7191675474122da096fd7a60b0301b23181873ea2cef5b8d880473d0fbb"},
    {file = "imagecodecs-2020.12.24-cp38-cp38-manylinux2010_x86_64.whl", hash = "sha256:a5cba1ca4ad1c008839514980770d841616f965f90ebe123a6805aca95b5c257"},
    {file = "imagecodecs-2020.12.24-cp38-cp38-manylinux2014_x86_64.whl", hash = "sha256:cabd3bd74549c079a38d9842ff110ddcb29cba2613ee2a664c0ac31d9f5f79f5"},
    {file = "imagecodecs-2020.12.24-cp38-cp38-win32.whl", hash = "sha256:4c392a308a3cc50f4461f377f511c4d244397510356d38c30e7587e85b2a4eec"},
    {file = "imagecodecs-2020.12.24-cp38-cp38-win_amd64.whl", hash = "sha256:63f66fda54530706ecdd268e3bb1916aca7ec9d4695209167a677ed75f61640f"},
    {file = "imagecodecs-2020.12.24-cp39-cp39-macosx_10_14_x86_64.whl", hash = "sha256:6e8eaa870834ccc0a77eda22a1c9e800ea91aa174184052f3e56876c6ba2bb3f"},
    {file = "imagecodecs-2020.12.24-cp39-cp39-macosx_10_9_x86_64.whl", hash = "sha256:c5ac2276f3ee170a94508c4d68e60dbda414ab8957f5152b6fd083abaef44186"},
    {file = "imagecodecs-2020.12.24-cp39-cp39-manylinux2010_i686.whl", hash = "sha256:1df5db330ab8be64a1faee702df8bef68bd3fa4cddd400c03cca4b5af52431c7"},
    {file = "imagecodecs-2020.12.24-cp39-cp39-manylinux2010_x86_64.whl", hash = "sha256:df131cee7a490513b6c64853c382615b70ce7c8522da16af00cd3275a96967f4"},
    {file = "imagecodecs-2020.12.24-cp39-cp39-manylinux2014_x86_64.whl", hash = "sha256:d23f3c1f776ff377bf26f1a11ed6968b895ca6ab856088900bd6cc5dd5b60135"},
    {file = "imagecodecs-2020.12.24-cp39-cp39-win32.whl", hash = "sha256:5e35b7648ec4ddda40c58db42138edd113a9d7d1914483e295d51e0a948b8035"},
    {file = "imagecodecs-2020.12.24-cp39-cp39-win_amd64.whl", hash = "sha256:b5fdfa68c4b46e1ef4c80747e3caec57c4cc434704019dcf5ddc265e957dcd86"},
    {file = "imagecodecs-2020.12.24-pp37-pypy37_pp73-win32.whl", hash = "sha256:4edde922c1fb4184d53d46fd597388ffa62a3f67c6afbd6508b8d0041a55eeab"},
    {file = "imagecodecs-2020.12.24.tar.gz", hash = "sha256:bcfb909c38fc0460f24ab75f58c643f2c50a10d0fa49ac07d5ea7b780765e7bd"},
]
iniconfig = [
    {file = "iniconfig-1.1.1-py2.py3-none-any.whl", hash = "sha256:011e24c64b7f47f6ebd835bb12a743f2fbe9a26d4cecaa7f53bc4f35ee9da8b3"},
    {file = "iniconfig-1.1.1.tar.gz", hash = "sha256:bc3af051d7d14b2ee5ef9969666def0cd1a000e121eaea580d4a313df4b37f32"},
]
numcodecs = [
    {file = "numcodecs-0.6.4.tar.gz", hash = "sha256:ef4843d5db4d074e607e9b85156835c10d006afc10e175bda62ff5412fca6e4d"},
]
numpy = [
    {file = "numpy-1.20.1-cp37-cp37m-macosx_10_9_x86_64.whl", hash = "sha256:ae61f02b84a0211abb56462a3b6cd1e7ec39d466d3160eb4e1da8bf6717cdbeb"},
    {file = "numpy-1.20.1-cp37-cp37m-manylinux1_i686.whl", hash = "sha256:65410c7f4398a0047eea5cca9b74009ea61178efd78d1be9847fac1d6716ec1e"},
    {file = "numpy-1.20.1-cp37-cp37m-manylinux1_x86_64.whl", hash = "sha256:2d7e27442599104ee08f4faed56bb87c55f8b10a5494ac2ead5c98a4b289e61f"},
    {file = "numpy-1.20.1-cp37-cp37m-manylinux2010_i686.whl", hash = "sha256:4ed8e96dc146e12c1c5cdd6fb9fd0757f2ba66048bf94c5126b7efebd12d0090"},
    {file = "numpy-1.20.1-cp37-cp37m-manylinux2010_x86_64.whl", hash = "sha256:ecb5b74c702358cdc21268ff4c37f7466357871f53a30e6f84c686952bef16a9"},
    {file = "numpy-1.20.1-cp37-cp37m-manylinux2014_aarch64.whl", hash = "sha256:b9410c0b6fed4a22554f072a86c361e417f0258838957b78bd063bde2c7f841f"},
    {file = "numpy-1.20.1-cp37-cp37m-win32.whl", hash = "sha256:3d3087e24e354c18fb35c454026af3ed8997cfd4997765266897c68d724e4845"},
    {file = "numpy-1.20.1-cp37-cp37m-win_amd64.whl", hash = "sha256:89f937b13b8dd17b0099c7c2e22066883c86ca1575a975f754babc8fbf8d69a9"},
    {file = "numpy-1.20.1-cp38-cp38-macosx_10_9_x86_64.whl", hash = "sha256:a1d7995d1023335e67fb070b2fae6f5968f5be3802b15ad6d79d81ecaa014fe0"},
    {file = "numpy-1.20.1-cp38-cp38-manylinux1_i686.whl", hash = "sha256:60759ab15c94dd0e1ed88241fd4fa3312db4e91d2c8f5a2d4cf3863fad83d65b"},
    {file = "numpy-1.20.1-cp38-cp38-manylinux1_x86_64.whl", hash = "sha256:125a0e10ddd99a874fd357bfa1b636cd58deb78ba4a30b5ddb09f645c3512e04"},
    {file = "numpy-1.20.1-cp38-cp38-manylinux2010_i686.whl", hash = "sha256:c26287dfc888cf1e65181f39ea75e11f42ffc4f4529e5bd19add57ad458996e2"},
    {file = "numpy-1.20.1-cp38-cp38-manylinux2010_x86_64.whl", hash = "sha256:7199109fa46277be503393be9250b983f325880766f847885607d9b13848f257"},
    {file = "numpy-1.20.1-cp38-cp38-manylinux2014_aarch64.whl", hash = "sha256:72251e43ac426ff98ea802a931922c79b8d7596480300eb9f1b1e45e0543571e"},
    {file = "numpy-1.20.1-cp38-cp38-win32.whl", hash = "sha256:c91ec9569facd4757ade0888371eced2ecf49e7982ce5634cc2cf4e7331a4b14"},
    {file = "numpy-1.20.1-cp38-cp38-win_amd64.whl", hash = "sha256:13adf545732bb23a796914fe5f891a12bd74cf3d2986eed7b7eba2941eea1590"},
    {file = "numpy-1.20.1-cp39-cp39-macosx_10_9_x86_64.whl", hash = "sha256:104f5e90b143dbf298361a99ac1af4cf59131218a045ebf4ee5990b83cff5fab"},
    {file = "numpy-1.20.1-cp39-cp39-manylinux2010_i686.whl", hash = "sha256:89e5336f2bec0c726ac7e7cdae181b325a9c0ee24e604704ed830d241c5e47ff"},
    {file = "numpy-1.20.1-cp39-cp39-manylinux2010_x86_64.whl", hash = "sha256:032be656d89bbf786d743fee11d01ef318b0781281241997558fa7950028dd29"},
    {file = "numpy-1.20.1-cp39-cp39-manylinux2014_aarch64.whl", hash = "sha256:66b467adfcf628f66ea4ac6430ded0614f5cc06ba530d09571ea404789064adc"},
    {file = "numpy-1.20.1-cp39-cp39-win32.whl", hash = "sha256:12e4ba5c6420917571f1a5becc9338abbde71dd811ce40b37ba62dec7b39af6d"},
    {file = "numpy-1.20.1-cp39-cp39-win_amd64.whl", hash = "sha256:9c94cab5054bad82a70b2e77741271790304651d584e2cdfe2041488e753863b"},
    {file = "numpy-1.20.1-pp37-pypy37_pp73-manylinux2010_x86_64.whl", hash = "sha256:9eb551d122fadca7774b97db8a112b77231dcccda8e91a5bc99e79890797175e"},
    {file = "numpy-1.20.1.zip", hash = "sha256:3bc63486a870294683980d76ec1e3efc786295ae00128f9ea38e2c6e74d5a60a"},
]
packaging = [
    {file = "packaging-20.9-py2.py3-none-any.whl", hash = "sha256:67714da7f7bc052e064859c05c595155bd1ee9f69f76557e21f051443c20947a"},
    {file = "packaging-20.9.tar.gz", hash = "sha256:5b327ac1320dc863dca72f4514ecc086f31186744b84a230374cc1fd776feae5"},
]
pluggy = [
    {file = "pluggy-0.13.1-py2.py3-none-any.whl", hash = "sha256:966c145cd83c96502c3c3868f50408687b38434af77734af1e9ca461a4081d2d"},
    {file = "pluggy-0.13.1.tar.gz", hash = "sha256:15b2acde666561e1298d71b523007ed7364de07029219b604cf808bfa1c765b0"},
]
py = [
    {file = "py-1.10.0-py2.py3-none-any.whl", hash = "sha256:3b80836aa6d1feeaa108e046da6423ab8f6ceda6468545ae8d02d9d58d18818a"},
    {file = "py-1.10.0.tar.gz", hash = "sha256:21b81bda15b66ef5e1a777a21c4dcd9c20ad3efd0b3f817e7a809035269e1bd3"},
]
pyparsing = [
    {file = "pyparsing-2.4.7-py2.py3-none-any.whl", hash = "sha256:ef9d7589ef3c200abe66653d3f1ab1033c3c419ae9b9bdb1240a85b024efc88b"},
    {file = "pyparsing-2.4.7.tar.gz", hash = "sha256:c203ec8783bf771a155b207279b9bccb8dea02d8f0c9e5f8ead507bc3246ecc1"},
]
pytest = [
    {file = "pytest-6.2.2-py3-none-any.whl", hash = "sha256:b574b57423e818210672e07ca1fa90aaf194a4f63f3ab909a2c67ebb22913839"},
    {file = "pytest-6.2.2.tar.gz", hash = "sha256:9d1edf9e7d0b84d72ea3dbcdfd22b35fb543a5e8f2a60092dd578936bf63d7f9"},
]
toml = [
    {file = "toml-0.10.2-py2.py3-none-any.whl", hash = "sha256:806143ae5bfb6a3c6e736a764057db0e6a0e05e338b5630894a5f779cabb4f9b"},
    {file = "toml-0.10.2.tar.gz", hash = "sha256:b3bda1d108d5dd99f4a20d24d9c348e91c4db7ab1b749200bded2f839ccbe68f"},
]
